
Microsoft Visual Studio Solution File, Format Version 12.00
# Visual Studio Version 17
VisualStudioVersion = 17.7.34031.279
MinimumVisualStudioVersion = 10.0.40219.1
Project("{FAE04EC0-301F-11D3-BF4B-00C04F79EFBC}") = "Setul3", "Setul3.csproj", "{8573B5A4-3033-42AE-AF85-D4B599E3611A}"
EndProject
Global
	GlobalSection(SolutionConfigurationPlatforms) = preSolution
		Debug|Any CPU = Debug|Any CPU
		Release|Any CPU = Release|Any CPU
	EndGlobalSection
	GlobalSection(ProjectConfigurationPlatforms) = postSolution
		{8573B5A4-3033-42AE-AF85-D4B599E3611A}.Debug|Any CPU.ActiveCfg = Debug|Any CPU
		{8573B5A4-3033-42AE-AF85-D4B599E3611A}.Debug|Any CPU.Build.0 = Debug|Any CPU
		{8573B5A4-3033-42AE-AF85-D4B599E3611A}.Release|Any CPU.ActiveCfg = Release|Any CPU
		{8573B5A4-3033-42AE-AF85-D4B599E3611A}.Release|Any CPU.Build.0 = Release|Any CPU
	EndGlobalSection
	GlobalSection(SolutionProperties) = preSolution
		HideSolutionNode = FALSE
	EndGlobalSection
	GlobalSection(ExtensibilityGlobals) = postSolution
		SolutionGuid = {A19A4BF4-948A-4C01-AB28-E6AF3DCB0933}
	EndGlobalSection
EndGlobal
